
Microsoft Visual Studio Solution File, Format Version 12.00
# Visual Studio Version 17
VisualStudioVersion = 17.5.2.0
MinimumVisualStudioVersion = 10.0.40219.1
Project("{FAE04EC0-301F-11D3-BF4B-00C04F79EFBC}") = "Recycler.API", "Recycler.API\Recycler.API.csproj", "{F1970E59-5B9E-CD27-967C-363F7F2C94AF}"
EndProject
Project("{FAE04EC0-301F-11D3-BF4B-00C04F79EFBC}") = "Recycler.Tests", "Recycler.Tests\Recycler.Tests.csproj", "{845E5ABA-24C8-47CF-A9C5-0B4413C2FEF6}"
EndProject
Global
	GlobalSection(SolutionConfigurationPlatforms) = preSolution
		Debug|Any CPU = Debug|Any CPU
		Debug|x64 = Debug|x64
		Debug|x86 = Debug|x86
		Release|Any CPU = Release|Any CPU
		Release|x64 = Release|x64
		Release|x86 = Release|x86
	EndGlobalSection
	GlobalSection(ProjectConfigurationPlatforms) = postSolution
		{F1970E59-5B9E-CD27-967C-363F7F2C94AF}.Debug|Any CPU.ActiveCfg = Debug|Any CPU
		{F1970E59-5B9E-CD27-967C-363F7F2C94AF}.Debug|Any CPU.Build.0 = Debug|Any CPU
		{F1970E59-5B9E-CD27-967C-363F7F2C94AF}.Debug|x64.ActiveCfg = Debug|Any CPU
		{F1970E59-5B9E-CD27-967C-363F7F2C94AF}.Debug|x64.Build.0 = Debug|Any CPU
		{F1970E59-5B9E-CD27-967C-363F7F2C94AF}.Debug|x86.ActiveCfg = Debug|Any CPU
		{F1970E59-5B9E-CD27-967C-363F7F2C94AF}.Debug|x86.Build.0 = Debug|Any CPU
		{F1970E59-5B9E-CD27-967C-363F7F2C94AF}.Release|Any CPU.ActiveCfg = Release|Any CPU
		{F1970E59-5B9E-CD27-967C-363F7F2C94AF}.Release|Any CPU.Build.0 = Release|Any CPU
		{F1970E59-5B9E-CD27-967C-363F7F2C94AF}.Release|x64.ActiveCfg = Release|Any CPU
		{F1970E59-5B9E-CD27-967C-363F7F2C94AF}.Release|x64.Build.0 = Release|Any CPU
		{F1970E59-5B9E-CD27-967C-363F7F2C94AF}.Release|x86.ActiveCfg = Release|Any CPU
		{F1970E59-5B9E-CD27-967C-363F7F2C94AF}.Release|x86.Build.0 = Release|Any CPU
		{845E5ABA-24C8-47CF-A9C5-0B4413C2FEF6}.Debug|Any CPU.ActiveCfg = Debug|Any CPU
		{845E5ABA-24C8-47CF-A9C5-0B4413C2FEF6}.Debug|Any CPU.Build.0 = Debug|Any CPU
		{845E5ABA-24C8-47CF-A9C5-0B4413C2FEF6}.Debug|x64.ActiveCfg = Debug|Any CPU
		{845E5ABA-24C8-47CF-A9C5-0B4413C2FEF6}.Debug|x64.Build.0 = Debug|Any CPU
		{845E5ABA-24C8-47CF-A9C5-0B4413C2FEF6}.Debug|x86.ActiveCfg = Debug|Any CPU
		{845E5ABA-24C8-47CF-A9C5-0B4413C2FEF6}.Debug|x86.Build.0 = Debug|Any CPU
		{845E5ABA-24C8-47CF-A9C5-0B4413C2FEF6}.Release|Any CPU.ActiveCfg = Release|Any CPU
		{845E5ABA-24C8-47CF-A9C5-0B4413C2FEF6}.Release|Any CPU.Build.0 = Release|Any CPU
		{845E5ABA-24C8-47CF-A9C5-0B4413C2FEF6}.Release|x64.ActiveCfg = Release|Any CPU
		{845E5ABA-24C8-47CF-A9C5-0B4413C2FEF6}.Release|x64.Build.0 = Release|Any CPU
		{845E5ABA-24C8-47CF-A9C5-0B4413C2FEF6}.Release|x86.ActiveCfg = Release|Any CPU
		{845E5ABA-24C8-47CF-A9C5-0B4413C2FEF6}.Release|x86.Build.0 = Release|Any CPU
	EndGlobalSection
	GlobalSection(SolutionProperties) = preSolution
		HideSolutionNode = FALSE
	EndGlobalSection
	GlobalSection(ExtensibilityGlobals) = postSolution
		SolutionGuid = {C0A03D3D-F928-46A7-9C90-B9C5450C4B48}
	EndGlobalSection
EndGlobal
